
Microsoft Visual Studio Solution File, Format Version 12.00
# Visual Studio Version 16
VisualStudioVersion = 16.0.31402.337
MinimumVisualStudioVersion = 10.0.40219.1
Project("{FAE04EC0-301F-11D3-BF4B-00C04F79EFBC}") = "database", "database.csproj", "{1AEAB243-5959-487E-96AF-597F95219769}"
EndProject
Global
	GlobalSection(SolutionConfigurationPlatforms) = preSolution
		Debug|Any CPU = Debug|Any CPU
		Release|Any CPU = Release|Any CPU
	EndGlobalSection
	GlobalSection(ProjectConfigurationPlatforms) = postSolution
		{1AEAB243-5959-487E-96AF-597F95219769}.Debug|Any CPU.ActiveCfg = Debug|Any CPU
		{1AEAB243-5959-487E-96AF-597F95219769}.Debug|Any CPU.Build.0 = Debug|Any CPU
		{1AEAB243-5959-487E-96AF-597F95219769}.Release|Any CPU.ActiveCfg = Release|Any CPU
		{1AEAB243-5959-487E-96AF-597F95219769}.Release|Any CPU.Build.0 = Release|Any CPU
	EndGlobalSection
	GlobalSection(SolutionProperties) = preSolution
		HideSolutionNode = FALSE
	EndGlobalSection
	GlobalSection(ExtensibilityGlobals) = postSolution
		SolutionGuid = {D20568FB-7D3E-4344-AEF1-4473AE7CB24F}
	EndGlobalSection
EndGlobal
